{
  "nodes": {
    "flake-utils": {
      "locked": {
        "lastModified": 1631561581,
        "narHash": "sha256-3VQMV5zvxaVLvqqUrNz3iJelLw30mIVSfZmAaauM3dA=",
        "owner": "numtide",
        "repo": "flake-utils",
        "rev": "7e5bf3925f6fbdfaf50a2a7ca0be2879c4261d19",
        "type": "github"
      },
      "original": {
        "owner": "numtide",
        "repo": "flake-utils",
        "type": "github"
      }
    },
    "nix-npm-buildpackage": {
      "inputs": {
        "nixpkgs": [
          "nixpkgs"
        ]
      },
      "locked": {
        "lastModified": 1666251292,
        "narHash": "sha256-8U27YbBwITbnVcC/PBQWsOP2EkpBMfKlD82Fb4NBOcc=",
        "owner": "serokell",
        "repo": "nix-npm-buildpackage",
        "rev": "47f5444116df877b22cd262bfd01d0874f370e8a",
        "type": "github"
      },
      "original": {
        "owner": "serokell",
        "repo": "nix-npm-buildpackage",
        "type": "github"
      }
    },
    "nixpkgs": {
      "locked": {
        "lastModified": 1672179724,
        "narHash": "sha256-srWJkubqiGsJl3eCZtaMouEBpvQblvIMNsx1TCBkgCU=",
        "owner": "NixOS",
        "repo": "nixpkgs",
        "rev": "d94d9db0cf48de1ff96ae64db2e876b806055ce7",
        "type": "github"
      },
      "original": {
        "owner": "NixOS",
        "ref": "release-22.11",
        "repo": "nixpkgs",
        "type": "github"
      }
    },
    "root": {
      "inputs": {
        "flake-utils": "flake-utils",
        "nix-npm-buildpackage": "nix-npm-buildpackage",
        "nixpkgs": "nixpkgs"
      }
    }
  },
  "root": "root",
  "version": 7
}
